
Microsoft Visual Studio Solution File, Format Version 12.00
# Visual Studio Version 17
VisualStudioVersion = 17.13.35818.85 d17.13
MinimumVisualStudioVersion = 10.0.40219.1
Project("{FAE04EC0-301F-11D3-BF4B-00C04F79EFBC}") = "AesFinder", "AesFinder.csproj", "{7372A0A7-52C3-4AEF-960A-5AE479100EF2}"
EndProject
Global
	GlobalSection(SolutionConfigurationPlatforms) = preSolution
		Debug|Any CPU = Debug|Any CPU
		Release|Any CPU = Release|Any CPU
	EndGlobalSection
	GlobalSection(ProjectConfigurationPlatforms) = postSolution
		{7372A0A7-52C3-4AEF-960A-5AE479100EF2}.Debug|Any CPU.ActiveCfg = Debug|Any CPU
		{7372A0A7-52C3-4AEF-960A-5AE479100EF2}.Debug|Any CPU.Build.0 = Debug|Any CPU
		{7372A0A7-52C3-4AEF-960A-5AE479100EF2}.Release|Any CPU.ActiveCfg = Release|Any CPU
		{7372A0A7-52C3-4AEF-960A-5AE479100EF2}.Release|Any CPU.Build.0 = Release|Any CPU
	EndGlobalSection
	GlobalSection(SolutionProperties) = preSolution
		HideSolutionNode = FALSE
	EndGlobalSection
	GlobalSection(ExtensibilityGlobals) = postSolution
		SolutionGuid = {3840231C-D6AB-4E47-9280-ADC0E39D09F3}
	EndGlobalSection
EndGlobal
